// !$*UTF8*$!
{
	archiveVersion = 1;
	classes = {
	};
	objectVersion = 46;
	objects = {

/* Begin PBXFileReference section */
		4C0C6DAF18EF207100157BFB /* ControlMenu.cc */ = {isa = PBXFileReference; fileEncoding = 4; lastKnownFileType = sourcecode.cpp.cpp; path = ControlMenu.cc; sourceTree = "<group>"; };
		4C0C6DB018EF207100157BFB /* ControlMenu.hh */ = {isa = PBXFileReference; fileEncoding = 4; lastKnownFileType = sourcecode.cpp.h; path = ControlMenu.hh; sourceTree = "<group>"; };
		4C0C6DB118EF207100157BFB /* ManualInfo.cc */ = {isa = PBXFileReference; fileEncoding = 4; lastKnownFileType = sourcecode.cpp.cpp; path = ManualInfo.cc; sourceTree = "<group>"; };
		4C0C6DB218EF207100157BFB /* ManualInfo.hh */ = {isa = PBXFileReference; fileEncoding = 4; lastKnownFileType = sourcecode.cpp.h; path = ManualInfo.hh; sourceTree = "<group>"; };
		4C0C6DB318EF207100157BFB /* OutputManager.cpp */ = {isa = PBXFileReference; fileEncoding = 4; lastKnownFileType = sourcecode.cpp.cpp; path = OutputManager.cpp; sourceTree = "<group>"; };
		4C0C6DB418EF207100157BFB /* OutputManager.hh */ = {isa = PBXFileReference; fileEncoding = 4; lastKnownFileType = sourcecode.cpp.h; path = OutputManager.hh; sourceTree = "<group>"; };
		4C0C6DB518EF207100157BFB /* PathUtils.cc */ = {isa = PBXFileReference; fileEncoding = 4; lastKnownFileType = sourcecode.cpp.cpp; path = PathUtils.cc; sourceTree = "<group>"; };
		4C0C6DB618EF207100157BFB /* PathUtils.hh */ = {isa = PBXFileReference; fileEncoding = 4; lastKnownFileType = sourcecode.cpp.h; path = PathUtils.hh; sourceTree = "<group>"; };
		4C0C6DB718EF207100157BFB /* QFile.cc */ = {isa = PBXFileReference; fileEncoding = 4; lastKnownFileType = sourcecode.cpp.cpp; path = QFile.cc; sourceTree = "<group>"; };
		4C0C6DB818EF207100157BFB /* QFile.hh */ = {isa = PBXFileReference; fileEncoding = 4; lastKnownFileType = sourcecode.cpp.h; path = QFile.hh; sourceTree = "<group>"; };
		4C0C6DB918EF207100157BFB /* SMExcept.cc */ = {isa = PBXFileReference; fileEncoding = 4; lastKnownFileType = sourcecode.cpp.cpp; path = SMExcept.cc; sourceTree = "<group>"; };
		4C0C6DBA18EF207100157BFB /* SMExcept.hh */ = {isa = PBXFileReference; fileEncoding = 4; lastKnownFileType = sourcecode.cpp.h; path = SMExcept.hh; sourceTree = "<group>"; };
		4C0C6DBB18EF207100157BFB /* strutils.cc */ = {isa = PBXFileReference; fileEncoding = 4; lastKnownFileType = sourcecode.cpp.cpp; path = strutils.cc; sourceTree = "<group>"; };
		4C0C6DBC18EF207100157BFB /* strutils.hh */ = {isa = PBXFileReference; fileEncoding = 4; lastKnownFileType = sourcecode.cpp.h; path = strutils.hh; sourceTree = "<group>"; };
		4C0C6DBD18EF207100157BFB /* Makefile */ = {isa = PBXFileReference; fileEncoding = 4; lastKnownFileType = sourcecode.make; path = Makefile; sourceTree = "<group>"; };
		4C0C6DBF18EF21CF00157BFB /* aCORN_G4_LinkDef.h */ = {isa = PBXFileReference; fileEncoding = 4; lastKnownFileType = sourcecode.c.h; path = aCORN_G4_LinkDef.h; sourceTree = "<group>"; };
		4C0C6DC018EF21CF00157BFB /* aCORN_G4_prod.cc */ = {isa = PBXFileReference; fileEncoding = 4; lastKnownFileType = sourcecode.cpp.cpp; path = aCORN_G4_prod.cc; sourceTree = "<group>"; };
		4C0C6DC118EF21CF00157BFB /* aCORN_MC_Analyzer.cc */ = {isa = PBXFileReference; fileEncoding = 4; lastKnownFileType = sourcecode.cpp.cpp; path = aCORN_MC_Analyzer.cc; sourceTree = "<group>"; };
		4C0C6DC218EF21CF00157BFB /* aCORN_MC_Analyzer.hh */ = {isa = PBXFileReference; fileEncoding = 4; lastKnownFileType = sourcecode.cpp.h; path = aCORN_MC_Analyzer.hh; sourceTree = "<group>"; };
		4C0C6DC318EF21CF00157BFB /* CMakeLists.txt */ = {isa = PBXFileReference; fileEncoding = 4; lastKnownFileType = text; path = CMakeLists.txt; sourceTree = "<group>"; };
		4C0C6DC418EF21CF00157BFB /* FindROOT.cmake */ = {isa = PBXFileReference; fileEncoding = 4; lastKnownFileType = text; path = FindROOT.cmake; sourceTree = "<group>"; };
		4C0C6DC618EF21CF00157BFB /* AnalysisManager.hh */ = {isa = PBXFileReference; fileEncoding = 4; lastKnownFileType = sourcecode.cpp.h; path = AnalysisManager.hh; sourceTree = "<group>"; };
		4C0C6DC718EF21CF00157BFB /* AnalyzerBase.hh */ = {isa = PBXFileReference; fileEncoding = 4; lastKnownFileType = sourcecode.cpp.h; path = AnalyzerBase.hh; sourceTree = "<group>"; };
		4C0C6DC818EF21CF00157BFB /* Construct_All.hh */ = {isa = PBXFileReference; fileEncoding = 4; lastKnownFileType = sourcecode.cpp.h; path = Construct_All.hh; sourceTree = "<group>"; };
		4C0C6DC918EF21CF00157BFB /* Construct_Scintillator.hh */ = {isa = PBXFileReference; fileEncoding = 4; lastKnownFileType = sourcecode.cpp.h; path = Construct_Scintillator.hh; sourceTree = "<group>"; };
		4C0C6DCA18EF21CF00157BFB /* Construction_Utils.hh */ = {isa = PBXFileReference; fileEncoding = 4; lastKnownFileType = sourcecode.cpp.h; path = Construction_Utils.hh; sourceTree = "<group>"; };
		4C0C6DCB18EF21CF00157BFB /* EventAction.hh */ = {isa = PBXFileReference; fileEncoding = 4; lastKnownFileType = sourcecode.cpp.h; path = EventAction.hh; sourceTree = "<group>"; };
		4C0C6DCC18EF21CF00157BFB /* Field.hh */ = {isa = PBXFileReference; fileEncoding = 4; lastKnownFileType = sourcecode.cpp.h; path = Field.hh; sourceTree = "<group>"; };
		4C0C6DCD18EF21CF00157BFB /* MCEvent.hh */ = {isa = PBXFileReference; fileEncoding = 4; lastKnownFileType = sourcecode.cpp.h; path = MCEvent.hh; sourceTree = "<group>"; };
		4C0C6DCF18EF21CF00157BFB /* PhysicsList_495.hh */ = {isa = PBXFileReference; fileEncoding = 4; lastKnownFileType = sourcecode.cpp.h; path = PhysicsList_495.hh; sourceTree = "<group>"; };
		4C0C6DD218EF21CF00157BFB /* PrimaryGeneratorAction.hh */ = {isa = PBXFileReference; fileEncoding = 4; lastKnownFileType = sourcecode.cpp.h; path = PrimaryGeneratorAction.hh; sourceTree = "<group>"; };
		4C0C6DD318EF21CF00157BFB /* PrimaryGeneratorMessenger.hh */ = {isa = PBXFileReference; fileEncoding = 4; lastKnownFileType = sourcecode.cpp.h; path = PrimaryGeneratorMessenger.hh; sourceTree = "<group>"; };
		4C0C6DD418EF21CF00157BFB /* PrimaryInfo.hh */ = {isa = PBXFileReference; fileEncoding = 4; lastKnownFileType = sourcecode.cpp.h; path = PrimaryInfo.hh; sourceTree = "<group>"; };
		4C0C6DD518EF21CF00157BFB /* RunAction.hh */ = {isa = PBXFileReference; fileEncoding = 4; lastKnownFileType = sourcecode.cpp.h; path = RunAction.hh; sourceTree = "<group>"; };
		4C0C6DD618EF21CF00157BFB /* SteppingAction.hh */ = {isa = PBXFileReference; fileEncoding = 4; lastKnownFileType = sourcecode.cpp.h; path = SteppingAction.hh; sourceTree = "<group>"; };
		4C0C6DD718EF21CF00157BFB /* SteppingAction_Verbose.hh */ = {isa = PBXFileReference; fileEncoding = 4; lastKnownFileType = sourcecode.cpp.h; path = SteppingAction_Verbose.hh; sourceTree = "<group>"; };
		4C0C6DD818EF21CF00157BFB /* TrackerHit.hh */ = {isa = PBXFileReference; fileEncoding = 4; lastKnownFileType = sourcecode.cpp.h; path = TrackerHit.hh; sourceTree = "<group>"; };
		4C0C6DD918EF21CF00157BFB /* TrackerSD.hh */ = {isa = PBXFileReference; fileEncoding = 4; lastKnownFileType = sourcecode.cpp.h; path = TrackerSD.hh; sourceTree = "<group>"; };
		4C0C6DDA18EF21CF00157BFB /* TrackInfo.hh */ = {isa = PBXFileReference; fileEncoding = 4; lastKnownFileType = sourcecode.cpp.h; path = TrackInfo.hh; sourceTree = "<group>"; };
		4C0C6DDC18EF21CF00157BFB /* AnalysisManager.cc */ = {isa = PBXFileReference; fileEncoding = 4; lastKnownFileType = sourcecode.cpp.cpp; path = AnalysisManager.cc; sourceTree = "<group>"; };
		4C0C6DDD18EF21CF00157BFB /* AnalyzerBase.cc */ = {isa = PBXFileReference; fileEncoding = 4; lastKnownFileType = sourcecode.cpp.cpp; path = AnalyzerBase.cc; sourceTree = "<group>"; };
		4C0C6DDE18EF21CF00157BFB /* Construct_All.cc */ = {isa = PBXFileReference; fileEncoding = 4; lastKnownFileType = sourcecode.cpp.cpp; path = Construct_All.cc; sourceTree = "<group>"; };
		4C0C6DDF18EF21CF00157BFB /* Construct_Scintillator.cc */ = {isa = PBXFileReference; fileEncoding = 4; lastKnownFileType = sourcecode.cpp.cpp; path = Construct_Scintillator.cc; sourceTree = "<group>"; };
		4C0C6DE018EF21CF00157BFB /* Construction_Utils.cc */ = {isa = PBXFileReference; fileEncoding = 4; lastKnownFileType = sourcecode.cpp.cpp; path = Construction_Utils.cc; sourceTree = "<group>"; };
		4C0C6DE118EF21CF00157BFB /* EventAction.cc */ = {isa = PBXFileReference; fileEncoding = 4; lastKnownFileType = sourcecode.cpp.cpp; path = EventAction.cc; sourceTree = "<group>"; };
		4C0C6DE218EF21CF00157BFB /* Field.cc */ = {isa = PBXFileReference; fileEncoding = 4; lastKnownFileType = sourcecode.cpp.cpp; path = Field.cc; sourceTree = "<group>"; };
		4C0C6DE318EF21CF00157BFB /* MCEvent.cc */ = {isa = PBXFileReference; fileEncoding = 4; lastKnownFileType = sourcecode.cpp.cpp; path = MCEvent.cc; sourceTree = "<group>"; };
		4C0C6DE518EF21CF00157BFB /* PhysicsList_495.cc */ = {isa = PBXFileReference; fileEncoding = 4; lastKnownFileType = sourcecode.cpp.cpp; path = PhysicsList_495.cc; sourceTree = "<group>"; };
		4C0C6DE818EF21CF00157BFB /* PrimaryGeneratorAction.cc */ = {isa = PBXFileReference; fileEncoding = 4; lastKnownFileType = sourcecode.cpp.cpp; path = PrimaryGeneratorAction.cc; sourceTree = "<group>"; };
		4C0C6DE918EF21CF00157BFB /* PrimaryGeneratorMessenger.cc */ = {isa = PBXFileReference; fileEncoding = 4; lastKnownFileType = sourcecode.cpp.cpp; path = PrimaryGeneratorMessenger.cc; sourceTree = "<group>"; };
		4C0C6DEA18EF21CF00157BFB /* PrimaryInfo.cc */ = {isa = PBXFileReference; fileEncoding = 4; lastKnownFileType = sourcecode.cpp.cpp; path = PrimaryInfo.cc; sourceTree = "<group>"; };
		4C0C6DEB18EF21CF00157BFB /* RunAction.cc */ = {isa = PBXFileReference; fileEncoding = 4; lastKnownFileType = sourcecode.cpp.cpp; path = RunAction.cc; sourceTree = "<group>"; };
		4C0C6DEC18EF21CF00157BFB /* SteppingAction.cc */ = {isa = PBXFileReference; fileEncoding = 4; lastKnownFileType = sourcecode.cpp.cpp; path = SteppingAction.cc; sourceTree = "<group>"; };
		4C0C6DED18EF21CF00157BFB /* SteppingAction_Verbose.cc */ = {isa = PBXFileReference; fileEncoding = 4; lastKnownFileType = sourcecode.cpp.cpp; path = SteppingAction_Verbose.cc; sourceTree = "<group>"; };
		4C0C6DEE18EF21CF00157BFB /* TrackerHit.cc */ = {isa = PBXFileReference; fileEncoding = 4; lastKnownFileType = sourcecode.cpp.cpp; path = TrackerHit.cc; sourceTree = "<group>"; };
		4C0C6DEF18EF21CF00157BFB /* TrackerSD.cc */ = {isa = PBXFileReference; fileEncoding = 4; lastKnownFileType = sourcecode.cpp.cpp; path = TrackerSD.cc; sourceTree = "<group>"; };
		4C0C6DF018EF21CF00157BFB /* TrackInfo.cc */ = {isa = PBXFileReference; fileEncoding = 4; lastKnownFileType = sourcecode.cpp.cpp; path = TrackInfo.cc; sourceTree = "<group>"; };
		4C0C6E0118EF233300157BFB /* BetaSpectrum.cc */ = {isa = PBXFileReference; fileEncoding = 4; lastKnownFileType = sourcecode.cpp.cpp; path = BetaSpectrum.cc; sourceTree = "<group>"; };
		4C0C6E0218EF233300157BFB /* BetaSpectrum.hh */ = {isa = PBXFileReference; fileEncoding = 4; lastKnownFileType = sourcecode.cpp.h; path = BetaSpectrum.hh; sourceTree = "<group>"; };
		4C0C6E0318EF233300157BFB /* ElectronBindingEnergy.cc */ = {isa = PBXFileReference; fileEncoding = 4; lastKnownFileType = sourcecode.cpp.cpp; path = ElectronBindingEnergy.cc; sourceTree = "<group>"; };
		4C0C6E0418EF233300157BFB /* ElectronBindingEnergy.hh */ = {isa = PBXFileReference; fileEncoding = 4; lastKnownFileType = sourcecode.cpp.h; path = ElectronBindingEnergy.hh; sourceTree = "<group>"; };
		4C0C6E0518EF233300157BFB /* NuclEvtGen.cc */ = {isa = PBXFileReference; fileEncoding = 4; lastKnownFileType = sourcecode.cpp.cpp; path = NuclEvtGen.cc; sourceTree = "<group>"; };
		4C0C6E0618EF233300157BFB /* NuclEvtGen.hh */ = {isa = PBXFileReference; fileEncoding = 4; lastKnownFileType = sourcecode.cpp.h; path = NuclEvtGen.hh; sourceTree = "<group>"; };
		4C0C6E0718EF248400157BFB /* FloatErr.cc */ = {isa = PBXFileReference; fileEncoding = 4; lastKnownFileType = sourcecode.cpp.cpp; path = FloatErr.cc; sourceTree = "<group>"; };
		4C0C6E0818EF248400157BFB /* FloatErr.hh */ = {isa = PBXFileReference; fileEncoding = 4; lastKnownFileType = sourcecode.cpp.h; path = FloatErr.hh; sourceTree = "<group>"; };
		4C44099018EF279B001E72E6 /* GraphUtils.cc */ = {isa = PBXFileReference; fileEncoding = 4; lastKnownFileType = sourcecode.cpp.cpp; name = GraphUtils.cc; path = ROOTUtils/GraphUtils.cc; sourceTree = "<group>"; };
		4C44099118EF279B001E72E6 /* GraphUtils.hh */ = {isa = PBXFileReference; fileEncoding = 4; lastKnownFileType = sourcecode.cpp.h; name = GraphUtils.hh; path = ROOTUtils/GraphUtils.hh; sourceTree = "<group>"; };
		4C44099518EF2BDD001E72E6 /* Al28.txt */ = {isa = PBXFileReference; fileEncoding = 4; lastKnownFileType = text; path = Al28.txt; sourceTree = "<group>"; };
		4C44099618EF2BDD001E72E6 /* Bi207.txt */ = {isa = PBXFileReference; fileEncoding = 4; lastKnownFileType = text; path = Bi207.txt; sourceTree = "<group>"; };
		4C44099718EF2BDD001E72E6 /* Cd109.txt */ = {isa = PBXFileReference; fileEncoding = 4; lastKnownFileType = text; path = Cd109.txt; sourceTree = "<group>"; };
		4C44099818EF2BDD001E72E6 /* Cd113m.txt */ = {isa = PBXFileReference; fileEncoding = 4; lastKnownFileType = text; path = Cd113m.txt; sourceTree = "<group>"; };
		4C44099918EF2BDD001E72E6 /* Ce139.txt */ = {isa = PBXFileReference; fileEncoding = 4; lastKnownFileType = text; path = Ce139.txt; sourceTree = "<group>"; };
		4C44099A18EF2BDD001E72E6 /* Cs137.txt */ = {isa = PBXFileReference; fileEncoding = 4; lastKnownFileType = text; path = Cs137.txt; sourceTree = "<group>"; };
		4C44099B18EF2BDD001E72E6 /* Cu66.txt */ = {isa = PBXFileReference; fileEncoding = 4; lastKnownFileType = text; path = Cu66.txt; sourceTree = "<group>"; };
		4C44099C18EF2BDD001E72E6 /* ElectronBindingEnergy.txt */ = {isa = PBXFileReference; fileEncoding = 4; lastKnownFileType = text; path = ElectronBindingEnergy.txt; sourceTree = "<group>"; };
		4C44099E18EF2BDD001E72E6 /* nCapt_Al27.txt */ = {isa = PBXFileReference; fileEncoding = 4; lastKnownFileType = text; path = nCapt_Al27.txt; sourceTree = "<group>"; };
		4C44099F18EF2BDD001E72E6 /* In114m.txt */ = {isa = PBXFileReference; fileEncoding = 4; lastKnownFileType = text; path = In114m.txt; sourceTree = "<group>"; };
		4C4409A018EF2BDD001E72E6 /* n1.txt */ = {isa = PBXFileReference; fileEncoding = 4; lastKnownFileType = text; path = n1.txt; sourceTree = "<group>"; };
		4C4409A118EF2BDD001E72E6 /* Sn113.txt */ = {isa = PBXFileReference; fileEncoding = 4; lastKnownFileType = text; path = Sn113.txt; sourceTree = "<group>"; };
		4C4409A218EF2BDD001E72E6 /* Xe125_1-2+.txt */ = {isa = PBXFileReference; fileEncoding = 4; lastKnownFileType = text; path = "Xe125_1-2+.txt"; sourceTree = "<group>"; };
		4C4409A318EF2BDD001E72E6 /* Xe127_1-2+.txt */ = {isa = PBXFileReference; fileEncoding = 4; lastKnownFileType = text; path = "Xe127_1-2+.txt"; sourceTree = "<group>"; };
		4C4409A418EF2BDD001E72E6 /* Xe129_11-2-.txt */ = {isa = PBXFileReference; fileEncoding = 4; lastKnownFileType = text; path = "Xe129_11-2-.txt"; sourceTree = "<group>"; };
		4C4409A518EF2BDD001E72E6 /* Xe131_11-2-.txt */ = {isa = PBXFileReference; fileEncoding = 4; lastKnownFileType = text; path = "Xe131_11-2-.txt"; sourceTree = "<group>"; };
		4C4409A618EF2BDD001E72E6 /* Xe133_11-2-.txt */ = {isa = PBXFileReference; fileEncoding = 4; lastKnownFileType = text; path = "Xe133_11-2-.txt"; sourceTree = "<group>"; };
		4C4409A718EF2BDD001E72E6 /* Xe133_3-2+.txt */ = {isa = PBXFileReference; fileEncoding = 4; lastKnownFileType = text; path = "Xe133_3-2+.txt"; sourceTree = "<group>"; };
		4C4409A818EF2BDD001E72E6 /* Xe135_11-2-.txt */ = {isa = PBXFileReference; fileEncoding = 4; lastKnownFileType = text; path = "Xe135_11-2-.txt"; sourceTree = "<group>"; };
		4C4409A918EF2BDD001E72E6 /* Xe135_3-2+.txt */ = {isa = PBXFileReference; fileEncoding = 4; lastKnownFileType = text; path = "Xe135_3-2+.txt"; sourceTree = "<group>"; };
		4C4409AA18EF2BDD001E72E6 /* Xe137_7-2-.txt */ = {isa = PBXFileReference; fileEncoding = 4; lastKnownFileType = text; path = "Xe137_7-2-.txt"; sourceTree = "<group>"; };
		4C4409AD18EF41CD001E72E6 /* GeantGenMacroTemplate.mac */ = {isa = PBXFileReference; fileEncoding = 4; lastKnownFileType = text; path = GeantGenMacroTemplate.mac; sourceTree = "<group>"; };
		4C4409AE18EF41CD001E72E6 /* GeantSimManager.py */ = {isa = PBXFileReference; fileEncoding = 4; lastKnownFileType = text.script.python; path = GeantSimManager.py; sourceTree = "<group>"; };
		4C4409AF18EF5204001E72E6 /* Enums.hh */ = {isa = PBXFileReference; fileEncoding = 4; lastKnownFileType = sourcecode.cpp.h; path = Enums.hh; sourceTree = "<group>"; };
		4C4409B018EF5BC3001E72E6 /* TChainScanner.cpp */ = {isa = PBXFileReference; fileEncoding = 4; lastKnownFileType = sourcecode.cpp.cpp; name = TChainScanner.cpp; path = ROOTUtils/TChainScanner.cpp; sourceTree = "<group>"; };
		4C4409B118EF5BC3001E72E6 /* TChainScanner.hh */ = {isa = PBXFileReference; fileEncoding = 4; lastKnownFileType = sourcecode.cpp.h; name = TChainScanner.hh; path = ROOTUtils/TChainScanner.hh; sourceTree = "<group>"; };
		4C4409B618F0671E001E72E6 /* Construct_e_Collimator.cc */ = {isa = PBXFileReference; fileEncoding = 4; lastKnownFileType = sourcecode.cpp.cpp; path = Construct_e_Collimator.cc; sourceTree = "<group>"; };
		4C4409B718F0679C001E72E6 /* Construct_e_Collimator.hh */ = {isa = PBXFileReference; fileEncoding = 4; lastKnownFileType = sourcecode.cpp.h; path = Construct_e_Collimator.hh; sourceTree = "<group>"; };
		4C4409B818F31A46001E72E6 /* ROOT_Headers.hh */ = {isa = PBXFileReference; fileEncoding = 4; lastKnownFileType = sourcecode.cpp.h; path = ROOT_Headers.hh; sourceTree = "<group>"; };
/* End PBXFileReference section */

/* Begin PBXGroup section */
		4C0C6DA318EF203300157BFB = {
			isa = PBXGroup;
			children = (
				4C44099318EF2BDD001E72E6 /* Aux */,
				4C0C6DAE18EF207100157BFB /* IOUtils */,
				4C0C6E0018EF233300157BFB /* Physics */,
				4C44099218EF27A3001E72E6 /* ROOTUtils */,
				4C0C6DBE18EF21CF00157BFB /* aCORN_G4 */,
				4C0C6DBD18EF207100157BFB /* Makefile */,
				4C4409AB18EF41CD001E72E6 /* Scripts */,
			);
			sourceTree = "<group>";
		};
		4C0C6DAE18EF207100157BFB /* IOUtils */ = {
			isa = PBXGroup;
			children = (
				4C0C6DAF18EF207100157BFB /* ControlMenu.cc */,
				4C0C6DB018EF207100157BFB /* ControlMenu.hh */,
				4C0C6DB118EF207100157BFB /* ManualInfo.cc */,
				4C0C6DB218EF207100157BFB /* ManualInfo.hh */,
				4C0C6DB318EF207100157BFB /* OutputManager.cpp */,
				4C0C6DB418EF207100157BFB /* OutputManager.hh */,
				4C0C6DB518EF207100157BFB /* PathUtils.cc */,
				4C0C6DB618EF207100157BFB /* PathUtils.hh */,
				4C0C6DB818EF207100157BFB /* QFile.hh */,
				4C0C6DB718EF207100157BFB /* QFile.cc */,
				4C0C6DB918EF207100157BFB /* SMExcept.cc */,
				4C0C6DBA18EF207100157BFB /* SMExcept.hh */,
				4C0C6DBB18EF207100157BFB /* strutils.cc */,
				4C0C6DBC18EF207100157BFB /* strutils.hh */,
			);
			path = IOUtils;
			sourceTree = "<group>";
		};
		4C0C6DBE18EF21CF00157BFB /* aCORN_G4 */ = {
			isa = PBXGroup;
			children = (
				4C0C6DBF18EF21CF00157BFB /* aCORN_G4_LinkDef.h */,
				4C0C6DC018EF21CF00157BFB /* aCORN_G4_prod.cc */,
				4C0C6DC218EF21CF00157BFB /* aCORN_MC_Analyzer.hh */,
				4C0C6DC118EF21CF00157BFB /* aCORN_MC_Analyzer.cc */,
				4C0C6DC318EF21CF00157BFB /* CMakeLists.txt */,
				4C0C6DC418EF21CF00157BFB /* FindROOT.cmake */,
				4C0C6DC518EF21CF00157BFB /* include */,
				4C0C6DDB18EF21CF00157BFB /* src */,
			);
			path = aCORN_G4;
			sourceTree = "<group>";
		};
		4C0C6DC518EF21CF00157BFB /* include */ = {
			isa = PBXGroup;
			children = (
				4C4409B818F31A46001E72E6 /* ROOT_Headers.hh */,
				4C0C6DC618EF21CF00157BFB /* AnalysisManager.hh */,
				4C0C6DC718EF21CF00157BFB /* AnalyzerBase.hh */,
				4C0C6DC818EF21CF00157BFB /* Construct_All.hh */,
				4C0C6DC918EF21CF00157BFB /* Construct_Scintillator.hh */,
				4C4409B718F0679C001E72E6 /* Construct_e_Collimator.hh */,
				4C0C6DCA18EF21CF00157BFB /* Construction_Utils.hh */,
				4C0C6DCB18EF21CF00157BFB /* EventAction.hh */,
				4C0C6DCC18EF21CF00157BFB /* Field.hh */,
				4C0C6DCD18EF21CF00157BFB /* MCEvent.hh */,
				4C0C6DCF18EF21CF00157BFB /* PhysicsList_495.hh */,
				4C0C6DD218EF21CF00157BFB /* PrimaryGeneratorAction.hh */,
				4C0C6DD318EF21CF00157BFB /* PrimaryGeneratorMessenger.hh */,
				4C0C6DD418EF21CF00157BFB /* PrimaryInfo.hh */,
				4C0C6DD518EF21CF00157BFB /* RunAction.hh */,
				4C0C6DD618EF21CF00157BFB /* SteppingAction.hh */,
				4C0C6DD718EF21CF00157BFB /* SteppingAction_Verbose.hh */,
				4C0C6DD818EF21CF00157BFB /* TrackerHit.hh */,
				4C0C6DD918EF21CF00157BFB /* TrackerSD.hh */,
				4C0C6DDA18EF21CF00157BFB /* TrackInfo.hh */,
			);
			path = include;
			sourceTree = "<group>";
		};
		4C0C6DDB18EF21CF00157BFB /* src */ = {
			isa = PBXGroup;
			children = (
				4C0C6DDC18EF21CF00157BFB /* AnalysisManager.cc */,
				4C0C6DDD18EF21CF00157BFB /* AnalyzerBase.cc */,
				4C0C6DDE18EF21CF00157BFB /* Construct_All.cc */,
				4C0C6DDF18EF21CF00157BFB /* Construct_Scintillator.cc */,
				4C4409B618F0671E001E72E6 /* Construct_e_Collimator.cc */,
				4C0C6DE018EF21CF00157BFB /* Construction_Utils.cc */,
				4C0C6DE118EF21CF00157BFB /* EventAction.cc */,
				4C0C6DE218EF21CF00157BFB /* Field.cc */,
				4C0C6DE318EF21CF00157BFB /* MCEvent.cc */,
				4C0C6DE518EF21CF00157BFB /* PhysicsList_495.cc */,
				4C0C6DE818EF21CF00157BFB /* PrimaryGeneratorAction.cc */,
				4C0C6DE918EF21CF00157BFB /* PrimaryGeneratorMessenger.cc */,
				4C0C6DEA18EF21CF00157BFB /* PrimaryInfo.cc */,
				4C0C6DEB18EF21CF00157BFB /* RunAction.cc */,
				4C0C6DEC18EF21CF00157BFB /* SteppingAction.cc */,
				4C0C6DED18EF21CF00157BFB /* SteppingAction_Verbose.cc */,
				4C0C6DEE18EF21CF00157BFB /* TrackerHit.cc */,
				4C0C6DEF18EF21CF00157BFB /* TrackerSD.cc */,
				4C0C6DF018EF21CF00157BFB /* TrackInfo.cc */,
			);
			path = src;
			sourceTree = "<group>";
		};
		4C0C6E0018EF233300157BFB /* Physics */ = {
			isa = PBXGroup;
			children = (
				4C0C6E0118EF233300157BFB /* BetaSpectrum.cc */,
				4C0C6E0218EF233300157BFB /* BetaSpectrum.hh */,
				4C0C6E0318EF233300157BFB /* ElectronBindingEnergy.cc */,
				4C0C6E0418EF233300157BFB /* ElectronBindingEnergy.hh */,
				4C0C6E0718EF248400157BFB /* FloatErr.cc */,
				4C0C6E0818EF248400157BFB /* FloatErr.hh */,
				4C0C6E0518EF233300157BFB /* NuclEvtGen.cc */,
				4C0C6E0618EF233300157BFB /* NuclEvtGen.hh */,
				4C4409AF18EF5204001E72E6 /* Enums.hh */,
			);
			path = Physics;
			sourceTree = "<group>";
		};
		4C44099218EF27A3001E72E6 /* ROOTUtils */ = {
			isa = PBXGroup;
			children = (
				4C4409B018EF5BC3001E72E6 /* TChainScanner.cpp */,
				4C4409B118EF5BC3001E72E6 /* TChainScanner.hh */,
				4C44099018EF279B001E72E6 /* GraphUtils.cc */,
				4C44099118EF279B001E72E6 /* GraphUtils.hh */,
			);
			name = ROOTUtils;
			sourceTree = "<group>";
		};
		4C44099318EF2BDD001E72E6 /* Aux */ = {
			isa = PBXGroup;
			children = (
				4C44099418EF2BDD001E72E6 /* NuclearDecays */,
			);
			path = Aux;
			sourceTree = "<group>";
		};
		4C44099418EF2BDD001E72E6 /* NuclearDecays */ = {
			isa = PBXGroup;
			children = (
				4C44099518EF2BDD001E72E6 /* Al28.txt */,
				4C44099618EF2BDD001E72E6 /* Bi207.txt */,
				4C44099718EF2BDD001E72E6 /* Cd109.txt */,
				4C44099818EF2BDD001E72E6 /* Cd113m.txt */,
				4C44099918EF2BDD001E72E6 /* Ce139.txt */,
				4C44099A18EF2BDD001E72E6 /* Cs137.txt */,
				4C44099B18EF2BDD001E72E6 /* Cu66.txt */,
				4C44099C18EF2BDD001E72E6 /* ElectronBindingEnergy.txt */,
				4C44099D18EF2BDD001E72E6 /* Gammas */,
				4C44099F18EF2BDD001E72E6 /* In114m.txt */,
				4C4409A018EF2BDD001E72E6 /* n1.txt */,
				4C4409A118EF2BDD001E72E6 /* Sn113.txt */,
				4C4409A218EF2BDD001E72E6 /* Xe125_1-2+.txt */,
				4C4409A318EF2BDD001E72E6 /* Xe127_1-2+.txt */,
				4C4409A418EF2BDD001E72E6 /* Xe129_11-2-.txt */,
				4C4409A518EF2BDD001E72E6 /* Xe131_11-2-.txt */,
				4C4409A618EF2BDD001E72E6 /* Xe133_11-2-.txt */,
				4C4409A718EF2BDD001E72E6 /* Xe133_3-2+.txt */,
				4C4409A818EF2BDD001E72E6 /* Xe135_11-2-.txt */,
				4C4409A918EF2BDD001E72E6 /* Xe135_3-2+.txt */,
				4C4409AA18EF2BDD001E72E6 /* Xe137_7-2-.txt */,
			);
			path = NuclearDecays;
			sourceTree = "<group>";
		};
		4C44099D18EF2BDD001E72E6 /* Gammas */ = {
			isa = PBXGroup;
			children = (
				4C44099E18EF2BDD001E72E6 /* nCapt_Al27.txt */,
			);
			path = Gammas;
			sourceTree = "<group>";
		};
		4C4409AB18EF41CD001E72E6 /* Scripts */ = {
			isa = PBXGroup;
			children = (
				4C4409AC18EF41CD001E72E6 /* launchers */,
			);
			path = Scripts;
			sourceTree = "<group>";
		};
		4C4409AC18EF41CD001E72E6 /* launchers */ = {
			isa = PBXGroup;
			children = (
				4C4409AD18EF41CD001E72E6 /* GeantGenMacroTemplate.mac */,
				4C4409AE18EF41CD001E72E6 /* GeantSimManager.py */,
			);
			path = launchers;
			sourceTree = "<group>";
		};
/* End PBXGroup section */

/* Begin PBXLegacyTarget section */
		4C0C6DA818EF203300157BFB /* aCORN_MPM */ = {
			isa = PBXLegacyTarget;
			buildArgumentsString = "$(ACTION)";
			buildConfigurationList = 4C0C6DAB18EF203300157BFB /* Build configuration list for PBXLegacyTarget "aCORN_MPM" */;
			buildPhases = (
			);
			buildToolPath = /usr/bin/make;
			dependencies = (
			);
			name = aCORN_MPM;
			passBuildSettingsInEnvironment = 1;
			productName = aCORN_MPM;
		};
/* End PBXLegacyTarget section */

/* Begin PBXProject section */
		4C0C6DA418EF203300157BFB /* Project object */ = {
			isa = PBXProject;
			attributes = {
				LastUpgradeCheck = 0510;
				ORGANIZATIONNAME = "Michael Mendenhall";
			};
			buildConfigurationList = 4C0C6DA718EF203300157BFB /* Build configuration list for PBXProject "aCORN_MPM" */;
			compatibilityVersion = "Xcode 3.2";
			developmentRegion = English;
			hasScannedForEncodings = 0;
			knownRegions = (
				en,
			);
			mainGroup = 4C0C6DA318EF203300157BFB;
			projectDirPath = "";
			projectRoot = "";
			targets = (
				4C0C6DA818EF203300157BFB /* aCORN_MPM */,
			);
		};
/* End PBXProject section */

/* Begin XCBuildConfiguration section */
		4C0C6DA918EF203300157BFB /* Debug */ = {
			isa = XCBuildConfiguration;
			buildSettings = {
				ALWAYS_SEARCH_USER_PATHS = NO;
				CLANG_CXX_LANGUAGE_STANDARD = "gnu++0x";
				CLANG_CXX_LIBRARY = "libc++";
				CLANG_ENABLE_MODULES = YES;
				CLANG_ENABLE_OBJC_ARC = YES;
				CLANG_WARN_BOOL_CONVERSION = YES;
				CLANG_WARN_CONSTANT_CONVERSION = YES;
				CLANG_WARN_DIRECT_OBJC_ISA_USAGE = YES_ERROR;
				CLANG_WARN_EMPTY_BODY = YES;
				CLANG_WARN_ENUM_CONVERSION = YES;
				CLANG_WARN_INT_CONVERSION = YES;
				CLANG_WARN_OBJC_ROOT_CLASS = YES_ERROR;
				CLANG_WARN__DUPLICATE_METHOD_MATCH = YES;
				COPY_PHASE_STRIP = NO;
				GCC_C_LANGUAGE_STANDARD = gnu99;
				GCC_DYNAMIC_NO_PIC = NO;
				GCC_ENABLE_OBJC_EXCEPTIONS = YES;
				GCC_OPTIMIZATION_LEVEL = 0;
				GCC_PREPROCESSOR_DEFINITIONS = (
					"DEBUG=1",
					"$(inherited)",
				);
				GCC_SYMBOLS_PRIVATE_EXTERN = NO;
				GCC_WARN_64_TO_32_BIT_CONVERSION = YES;
				GCC_WARN_ABOUT_RETURN_TYPE = YES_ERROR;
				GCC_WARN_UNDECLARED_SELECTOR = YES;
				GCC_WARN_UNINITIALIZED_AUTOS = YES_AGGRESSIVE;
				GCC_WARN_UNUSED_FUNCTION = YES;
				GCC_WARN_UNUSED_VARIABLE = YES;
				MACOSX_DEPLOYMENT_TARGET = 10.9;
				ONLY_ACTIVE_ARCH = YES;
				SDKROOT = macosx;
			};
			name = Debug;
		};
		4C0C6DAA18EF203300157BFB /* Release */ = {
			isa = XCBuildConfiguration;
			buildSettings = {
				ALWAYS_SEARCH_USER_PATHS = NO;
				CLANG_CXX_LANGUAGE_STANDARD = "gnu++0x";
				CLANG_CXX_LIBRARY = "libc++";
				CLANG_ENABLE_MODULES = YES;
				CLANG_ENABLE_OBJC_ARC = YES;
				CLANG_WARN_BOOL_CONVERSION = YES;
				CLANG_WARN_CONSTANT_CONVERSION = YES;
				CLANG_WARN_DIRECT_OBJC_ISA_USAGE = YES_ERROR;
				CLANG_WARN_EMPTY_BODY = YES;
				CLANG_WARN_ENUM_CONVERSION = YES;
				CLANG_WARN_INT_CONVERSION = YES;
				CLANG_WARN_OBJC_ROOT_CLASS = YES_ERROR;
				CLANG_WARN__DUPLICATE_METHOD_MATCH = YES;
				COPY_PHASE_STRIP = YES;
				DEBUG_INFORMATION_FORMAT = "dwarf-with-dsym";
				ENABLE_NS_ASSERTIONS = NO;
				GCC_C_LANGUAGE_STANDARD = gnu99;
				GCC_ENABLE_OBJC_EXCEPTIONS = YES;
				GCC_WARN_64_TO_32_BIT_CONVERSION = YES;
				GCC_WARN_ABOUT_RETURN_TYPE = YES_ERROR;
				GCC_WARN_UNDECLARED_SELECTOR = YES;
				GCC_WARN_UNINITIALIZED_AUTOS = YES_AGGRESSIVE;
				GCC_WARN_UNUSED_FUNCTION = YES;
				GCC_WARN_UNUSED_VARIABLE = YES;
				MACOSX_DEPLOYMENT_TARGET = 10.9;
				SDKROOT = macosx;
			};
			name = Release;
		};
		4C0C6DAC18EF203300157BFB /* Debug */ = {
			isa = XCBuildConfiguration;
			buildSettings = {
				DEBUGGING_SYMBOLS = YES;
				GCC_GENERATE_DEBUGGING_SYMBOLS = YES;
				GCC_OPTIMIZATION_LEVEL = 0;
				OTHER_CFLAGS = "";
				OTHER_LDFLAGS = "";
				PRODUCT_NAME = "$(TARGET_NAME)";
			};
			name = Debug;
		};
		4C0C6DAD18EF203300157BFB /* Release */ = {
			isa = XCBuildConfiguration;
			buildSettings = {
				OTHER_CFLAGS = "";
				OTHER_LDFLAGS = "";
				PRODUCT_NAME = "$(TARGET_NAME)";
			};
			name = Release;
		};
/* End XCBuildConfiguration section */

/* Begin XCConfigurationList section */
		4C0C6DA718EF203300157BFB /* Build configuration list for PBXProject "aCORN_MPM" */ = {
			isa = XCConfigurationList;
			buildConfigurations = (
				4C0C6DA918EF203300157BFB /* Debug */,
				4C0C6DAA18EF203300157BFB /* Release */,
			);
			defaultConfigurationIsVisible = 0;
			defaultConfigurationName = Release;
		};
		4C0C6DAB18EF203300157BFB /* Build configuration list for PBXLegacyTarget "aCORN_MPM" */ = {
			isa = XCConfigurationList;
			buildConfigurations = (
				4C0C6DAC18EF203300157BFB /* Debug */,
				4C0C6DAD18EF203300157BFB /* Release */,
			);
			defaultConfigurationIsVisible = 0;
			defaultConfigurationName = Release;
		};
/* End XCConfigurationList section */
	};
	rootObject = 4C0C6DA418EF203300157BFB /* Project object */;
}
